PODS:
  - ARChromeActivity (1.0.2)
  - KINWebBrowser (0.2.5):
    - ARChromeActivity
    - TUSafariActivity
  - TUSafariActivity (1.0.1)

DEPENDENCIES:
  - KINWebBrowser

SPEC CHECKSUMS:
  ARChromeActivity: 437b3e0c4cc43c19d7dd1af55bea98e008335151
  KINWebBrowser: 67a4123bdd6a216a9b2ba0e033d11d53ec313dc9
  TUSafariActivity: b943269dc8763df4896ae194603e6c8e27493273

COCOAPODS: 0.34.1
